
Microsoft Visual Studio Solution File, Format Version 12.00
# Visual Studio Version 16
VisualStudioVersion = 16.0.29411.138
MinimumVisualStudioVersion = 10.0.40219.1
Project("{9A19103F-16F7-4668-BE54-9A1E7A4F7556}") = "PoisonQueueDemo", "PoisonQueueDemo\PoisonQueueDemo.csproj", "{716B1B4C-E4E9-4CFB-B227-DE0F22136432}"
EndProject
Global
	GlobalSection(SolutionConfigurationPlatforms) = preSolution
		Debug|Any CPU = Debug|Any CPU
		Release|Any CPU = Release|Any CPU
	EndGlobalSection
	GlobalSection(ProjectConfigurationPlatforms) = postSolution
		{716B1B4C-E4E9-4CFB-B227-DE0F22136432}.Debug|Any CPU.ActiveCfg = Debug|Any CPU
		{716B1B4C-E4E9-4CFB-B227-DE0F22136432}.Debug|Any CPU.Build.0 = Debug|Any CPU
		{716B1B4C-E4E9-4CFB-B227-DE0F22136432}.Release|Any CPU.ActiveCfg = Release|Any CPU
		{716B1B4C-E4E9-4CFB-B227-DE0F22136432}.Release|Any CPU.Build.0 = Release|Any CPU
	EndGlobalSection
	GlobalSection(SolutionProperties) = preSolution
		HideSolutionNode = FALSE
	EndGlobalSection
	GlobalSection(ExtensibilityGlobals) = postSolution
		SolutionGuid = {9F950C92-2548-437C-AFE7-82A5B35E42B4}
	EndGlobalSection
EndGlobal
